
Microsoft Visual Studio Solution File, Format Version 12.00
# Visual Studio Version 16
VisualStudioVersion = 16.0.29215.179
MinimumVisualStudioVersion = 10.0.40219.1
Project("{FAE04EC0-301F-11D3-BF4B-00C04F79EFBC}") = "Entidades", "Entidades\Entidades.csproj", "{3C89F53E-6637-4A7E-82FF-7C68BF6D63E0}"
EndProject
Project("{FAE04EC0-301F-11D3-BF4B-00C04F79EFBC}") = "MiCalculadora", "MiCalculadora\MiCalculadora.csproj", "{D252FC98-50CC-429C-A8AF-8934DBCBAF8F}"
EndProject
Global
	GlobalSection(SolutionConfigurationPlatforms) = preSolution
		Debug|Any CPU = Debug|Any CPU
		Release|Any CPU = Release|Any CPU
	EndGlobalSection
	GlobalSection(ProjectConfigurationPlatforms) = postSolution
		{3C89F53E-6637-4A7E-82FF-7C68BF6D63E0}.Debug|Any CPU.ActiveCfg = Debug|Any CPU
		{3C89F53E-6637-4A7E-82FF-7C68BF6D63E0}.Debug|Any CPU.Build.0 = Debug|Any CPU
		{3C89F53E-6637-4A7E-82FF-7C68BF6D63E0}.Release|Any CPU.ActiveCfg = Release|Any CPU
		{3C89F53E-6637-4A7E-82FF-7C68BF6D63E0}.Release|Any CPU.Build.0 = Release|Any CPU
		{D252FC98-50CC-429C-A8AF-8934DBCBAF8F}.Debug|Any CPU.ActiveCfg = Debug|Any CPU
		{D252FC98-50CC-429C-A8AF-8934DBCBAF8F}.Debug|Any CPU.Build.0 = Debug|Any CPU
		{D252FC98-50CC-429C-A8AF-8934DBCBAF8F}.Release|Any CPU.ActiveCfg = Release|Any CPU
		{D252FC98-50CC-429C-A8AF-8934DBCBAF8F}.Release|Any CPU.Build.0 = Release|Any CPU
	EndGlobalSection
	GlobalSection(SolutionProperties) = preSolution
		HideSolutionNode = FALSE
	EndGlobalSection
	GlobalSection(ExtensibilityGlobals) = postSolution
		SolutionGuid = {5ADE9621-CAC0-4938-A0EC-CC69478FCF15}
	EndGlobalSection
EndGlobal
